gopkg.in/gographics/imagick.v2 v2.5.0 h1:3wOeg/IgtagJtveISUaX9A3F/L/5PxaFHkAz5AzgbgA=
gopkg.in/gographics/imagick.v2 v2.5.0/go.mod h1:of4TbGX8yMcpgWkWFjha7FsOFr+NjOJ5O1qtKU27Yj0=
gopkg.in/gographics/imagick.v3 v3.2.0 h1:eUwlkCw2fa20OGu47G39Im8c50S9n/CVkh8PwtOKExA=
gopkg.in/gographics/imagick.v3 v3.2.0/go.mod h1:HbW83cYCl1jftZi3B/VZpVqsuNi4vW7qUrghjxBiT+8=
